
Microsoft Visual Studio Solution File, Format Version 12.00
# Visual Studio Version 17
VisualStudioVersion = 17.8.34511.84
MinimumVisualStudioVersion = 10.0.40219.1
Project("{9A19103F-16F7-4668-BE54-9A1E7A4F7556}") = "LegacyApp", "LegacyApp\LegacyApp.csproj", "{1ED11EB1-3861-43A6-9B3E-F10C114F4EA7}"
EndProject
Project("{9A19103F-16F7-4668-BE54-9A1E7A4F7556}") = "LegacyApp.Consumer", "LegacyApp.Consumer\LegacyApp.Consumer.csproj", "{F66B7DE1-33C7-482E-94F8-95358F06ED2B}"
EndProject
Project("{2150E333-8FDC-42A3-9474-1A3956D46DE8}") = "Instructions", "Instructions", "{B4F8BC2B-D43C-46E8-BDCF-A1204D5D895E}"
	ProjectSection(SolutionItems) = preProject
		README.md = README.md
	EndProjectSection
EndProject
Project("{9A19103F-16F7-4668-BE54-9A1E7A4F7556}") = "LeagacyApp.Consumer.Test", "LeagacyApp.Consumer.Test\LeagacyApp.Consumer.Test.csproj", "{10F096CE-163A-40C5-B410-1B5B7017AE03}"
EndProject
Global
	GlobalSection(SolutionConfigurationPlatforms) = preSolution
		Debug|Any CPU = Debug|Any CPU
		Release|Any CPU = Release|Any CPU
	EndGlobalSection
	GlobalSection(ProjectConfigurationPlatforms) = postSolution
		{1ED11EB1-3861-43A6-9B3E-F10C114F4EA7}.Debug|Any CPU.ActiveCfg = Debug|Any CPU
		{1ED11EB1-3861-43A6-9B3E-F10C114F4EA7}.Debug|Any CPU.Build.0 = Debug|Any CPU
		{1ED11EB1-3861-43A6-9B3E-F10C114F4EA7}.Release|Any CPU.ActiveCfg = Release|Any CPU
		{1ED11EB1-3861-43A6-9B3E-F10C114F4EA7}.Release|Any CPU.Build.0 = Release|Any CPU
		{F66B7DE1-33C7-482E-94F8-95358F06ED2B}.Debug|Any CPU.ActiveCfg = Debug|Any CPU
		{F66B7DE1-33C7-482E-94F8-95358F06ED2B}.Debug|Any CPU.Build.0 = Debug|Any CPU
		{F66B7DE1-33C7-482E-94F8-95358F06ED2B}.Release|Any CPU.ActiveCfg = Release|Any CPU
		{F66B7DE1-33C7-482E-94F8-95358F06ED2B}.Release|Any CPU.Build.0 = Release|Any CPU
		{10F096CE-163A-40C5-B410-1B5B7017AE03}.Debug|Any CPU.ActiveCfg = Debug|Any CPU
		{10F096CE-163A-40C5-B410-1B5B7017AE03}.Debug|Any CPU.Build.0 = Debug|Any CPU
		{10F096CE-163A-40C5-B410-1B5B7017AE03}.Release|Any CPU.ActiveCfg = Release|Any CPU
		{10F096CE-163A-40C5-B410-1B5B7017AE03}.Release|Any CPU.Build.0 = Release|Any CPU
	EndGlobalSection
	GlobalSection(SolutionProperties) = preSolution
		HideSolutionNode = FALSE
	EndGlobalSection
	GlobalSection(ExtensibilityGlobals) = postSolution
		SolutionGuid = {2C9DE160-2E50-4F80-B3E2-C4737A1D1F68}
	EndGlobalSection
EndGlobal
